
Microsoft Visual Studio Solution File, Format Version 12.00
# Visual Studio 2013
VisualStudioVersion = 12.0.31101.0
MinimumVisualStudioVersion = 10.0.40219.1
Project("{FAE04EC0-301F-11D3-BF4B-00C04F79EFBC}") = "EFDataAccessLayer", "EFDataAccessLayer\EFDataAccessLayer.csproj", "{5343DE41-AC4D-4338-8A12-560645044C9D}"
EndProject
Project("{FAE04EC0-301F-11D3-BF4B-00C04F79EFBC}") = "ConsoleApplication1", "ConsoleApplication1\ConsoleApplication1.csproj", "{A3B6140A-D6E3-40ED-8199-ED91F3191667}"
EndProject
Project("{2150E333-8FDC-42A3-9474-1A3956D46DE8}") = "Hierarchy", "Hierarchy", "{0CDA5624-5079-432F-9F51-425E92FF9C5E}"
EndProject
Project("{FAE04EC0-301F-11D3-BF4B-00C04F79EFBC}") = "ConsoleEFHierachy", "Hierarchy\ConsoleEFHierachy\ConsoleEFHierachy.csproj", "{A05A86DE-8492-48D0-A38E-730FF29EF07A}"
EndProject
Project("{FAE04EC0-301F-11D3-BF4B-00C04F79EFBC}") = "TPH", "Hierarchy\TPH\TPH.csproj", "{6C9C5803-C634-4812-9D75-A83488FC0360}"
EndProject
Project("{FAE04EC0-301F-11D3-BF4B-00C04F79EFBC}") = "TPC", "Hierarchy\TPC\TPC.csproj", "{83463DDD-AAB8-4D91-81B5-B27B09EAE11E}"
EndProject
Project("{FAE04EC0-301F-11D3-BF4B-00C04F79EFBC}") = "Entities", "Hierarchy\Entities\Entities.csproj", "{D1352A62-3165-4DDD-B17A-5977D82C898A}"
EndProject
Project("{FAE04EC0-301F-11D3-BF4B-00C04F79EFBC}") = "TPT", "Hierarchy\TPT\TPT.csproj", "{DE0E7186-A6E0-481C-A5BF-6F6F0B4CD166}"
EndProject
Project("{2150E333-8FDC-42A3-9474-1A3956D46DE8}") = "ComplexType", "ComplexType", "{0CBA0C59-3045-4D81-8F56-0FCD88F41C9C}"
EndProject
Project("{FAE04EC0-301F-11D3-BF4B-00C04F79EFBC}") = "ComplexType", "ComplexType\ComplexType.csproj", "{5BCD32A9-9C97-4875-89A3-D46407D07187}"
EndProject
Project("{2150E333-8FDC-42A3-9474-1A3956D46DE8}") = "TableSplitting", "TableSplitting", "{98FF4C5E-8BFF-4BD6-A613-E4814F0999F8}"
EndProject
Project("{FAE04EC0-301F-11D3-BF4B-00C04F79EFBC}") = "TableSplit", "TableSplit\TableSplit.csproj", "{21F20E28-919E-4167-8382-155757685719}"
EndProject
Global
	GlobalSection(SolutionConfigurationPlatforms) = preSolution
		Debug|Any CPU = Debug|Any CPU
		Release|Any CPU = Release|Any CPU
	EndGlobalSection
	GlobalSection(ProjectConfigurationPlatforms) = postSolution
		{5343DE41-AC4D-4338-8A12-560645044C9D}.Debug|Any CPU.ActiveCfg = Debug|Any CPU
		{5343DE41-AC4D-4338-8A12-560645044C9D}.Debug|Any CPU.Build.0 = Debug|Any CPU
		{5343DE41-AC4D-4338-8A12-560645044C9D}.Release|Any CPU.ActiveCfg = Release|Any CPU
		{5343DE41-AC4D-4338-8A12-560645044C9D}.Release|Any CPU.Build.0 = Release|Any CPU
		{A3B6140A-D6E3-40ED-8199-ED91F3191667}.Debug|Any CPU.ActiveCfg = Debug|Any CPU
		{A3B6140A-D6E3-40ED-8199-ED91F3191667}.Debug|Any CPU.Build.0 = Debug|Any CPU
		{A3B6140A-D6E3-40ED-8199-ED91F3191667}.Release|Any CPU.ActiveCfg = Release|Any CPU
		{A3B6140A-D6E3-40ED-8199-ED91F3191667}.Release|Any CPU.Build.0 = Release|Any CPU
		{A05A86DE-8492-48D0-A38E-730FF29EF07A}.Debug|Any CPU.ActiveCfg = Debug|Any CPU
		{A05A86DE-8492-48D0-A38E-730FF29EF07A}.Debug|Any CPU.Build.0 = Debug|Any CPU
		{A05A86DE-8492-48D0-A38E-730FF29EF07A}.Release|Any CPU.ActiveCfg = Release|Any CPU
		{A05A86DE-8492-48D0-A38E-730FF29EF07A}.Release|Any CPU.Build.0 = Release|Any CPU
		{6C9C5803-C634-4812-9D75-A83488FC0360}.Debug|Any CPU.ActiveCfg = Debug|Any CPU
		{6C9C5803-C634-4812-9D75-A83488FC0360}.Debug|Any CPU.Build.0 = Debug|Any CPU
		{6C9C5803-C634-4812-9D75-A83488FC0360}.Release|Any CPU.ActiveCfg = Release|Any CPU
		{6C9C5803-C634-4812-9D75-A83488FC0360}.Release|Any CPU.Build.0 = Release|Any CPU
		{83463DDD-AAB8-4D91-81B5-B27B09EAE11E}.Debug|Any CPU.ActiveCfg = Debug|Any CPU
		{83463DDD-AAB8-4D91-81B5-B27B09EAE11E}.Debug|Any CPU.Build.0 = Debug|Any CPU
		{83463DDD-AAB8-4D91-81B5-B27B09EAE11E}.Release|Any CPU.ActiveCfg = Release|Any CPU
		{83463DDD-AAB8-4D91-81B5-B27B09EAE11E}.Release|Any CPU.Build.0 = Release|Any CPU
		{D1352A62-3165-4DDD-B17A-5977D82C898A}.Debug|Any CPU.ActiveCfg = Debug|Any CPU
		{D1352A62-3165-4DDD-B17A-5977D82C898A}.Debug|Any CPU.Build.0 = Debug|Any CPU
		{D1352A62-3165-4DDD-B17A-5977D82C898A}.Release|Any CPU.ActiveCfg = Release|Any CPU
		{D1352A62-3165-4DDD-B17A-5977D82C898A}.Release|Any CPU.Build.0 = Release|Any CPU
		{DE0E7186-A6E0-481C-A5BF-6F6F0B4CD166}.Debug|Any CPU.ActiveCfg = Debug|Any CPU
		{DE0E7186-A6E0-481C-A5BF-6F6F0B4CD166}.Debug|Any CPU.Build.0 = Debug|Any CPU
		{DE0E7186-A6E0-481C-A5BF-6F6F0B4CD166}.Release|Any CPU.ActiveCfg = Release|Any CPU
		{DE0E7186-A6E0-481C-A5BF-6F6F0B4CD166}.Release|Any CPU.Build.0 = Release|Any CPU
		{5BCD32A9-9C97-4875-89A3-D46407D07187}.Debug|Any CPU.ActiveCfg = Debug|Any CPU
		{5BCD32A9-9C97-4875-89A3-D46407D07187}.Debug|Any CPU.Build.0 = Debug|Any CPU
		{5BCD32A9-9C97-4875-89A3-D46407D07187}.Release|Any CPU.ActiveCfg = Release|Any CPU
		{5BCD32A9-9C97-4875-89A3-D46407D07187}.Release|Any CPU.Build.0 = Release|Any CPU
		{21F20E28-919E-4167-8382-155757685719}.Debug|Any CPU.ActiveCfg = Debug|Any CPU
		{21F20E28-919E-4167-8382-155757685719}.Debug|Any CPU.Build.0 = Debug|Any CPU
		{21F20E28-919E-4167-8382-155757685719}.Release|Any CPU.ActiveCfg = Release|Any CPU
		{21F20E28-919E-4167-8382-155757685719}.Release|Any CPU.Build.0 = Release|Any CPU
	EndGlobalSection
	GlobalSection(SolutionProperties) = preSolution
		HideSolutionNode = FALSE
	EndGlobalSection
	GlobalSection(NestedProjects) = preSolution
		{A05A86DE-8492-48D0-A38E-730FF29EF07A} = {0CDA5624-5079-432F-9F51-425E92FF9C5E}
		{6C9C5803-C634-4812-9D75-A83488FC0360} = {0CDA5624-5079-432F-9F51-425E92FF9C5E}
		{83463DDD-AAB8-4D91-81B5-B27B09EAE11E} = {0CDA5624-5079-432F-9F51-425E92FF9C5E}
		{D1352A62-3165-4DDD-B17A-5977D82C898A} = {0CDA5624-5079-432F-9F51-425E92FF9C5E}
		{DE0E7186-A6E0-481C-A5BF-6F6F0B4CD166} = {0CDA5624-5079-432F-9F51-425E92FF9C5E}
		{5BCD32A9-9C97-4875-89A3-D46407D07187} = {0CBA0C59-3045-4D81-8F56-0FCD88F41C9C}
		{21F20E28-919E-4167-8382-155757685719} = {98FF4C5E-8BFF-4BD6-A613-E4814F0999F8}
	EndGlobalSection
EndGlobal
