
Microsoft Visual Studio Solution File, Format Version 12.00
# Visual Studio 14
VisualStudioVersion = 14.0.25420.1
MinimumVisualStudioVersion = 10.0.40219.1
Project("{2150E333-8FDC-42A3-9474-1A3956D46DE8}") = "Hierarchy", "Hierarchy", "{0CDA5624-5079-432F-9F51-425E92FF9C5E}"
EndProject
Project("{2150E333-8FDC-42A3-9474-1A3956D46DE8}") = "ComplexType", "ComplexType", "{0CBA0C59-3045-4D81-8F56-0FCD88F41C9C}"
EndProject
Project("{2150E333-8FDC-42A3-9474-1A3956D46DE8}") = "TableSplitting", "TableSplitting", "{98FF4C5E-8BFF-4BD6-A613-E4814F0999F8}"
EndProject
Project("{2150E333-8FDC-42A3-9474-1A3956D46DE8}") = "Tests", "Tests", "{9A6F3745-F109-44A5-B351-C9313A741BA1}"
EndProject
Project("{FAE04EC0-301F-11D3-BF4B-00C04F79EFBC}") = "HQF.Tutorial.EntityFramework.xUnitTest", "Tests\HQF.Tutorial.EntityFramework.xUnitTest\HQF.Tutorial.EntityFramework.xUnitTest.csproj", "{B3A34676-302E-49A7-97BB-1F6728245CD8}"
EndProject
Project("{2150E333-8FDC-42A3-9474-1A3956D46DE8}") = "Commons", "Commons", "{511284B3-2530-4A14-ABE6-E8A9C07875D3}"
EndProject
Project("{FAE04EC0-301F-11D3-BF4B-00C04F79EFBC}") = "DbContexts", "Src\HQF.Tutorial.EntityFramework.Commons\DbContexts.csproj", "{5F7106CA-7217-49D2-8236-733E13A9137D}"
EndProject
Project("{FAE04EC0-301F-11D3-BF4B-00C04F79EFBC}") = "ComplexType", "Src\ComplexType\ComplexType.csproj", "{5BCD32A9-9C97-4875-89A3-D46407D07187}"
EndProject
Project("{FAE04EC0-301F-11D3-BF4B-00C04F79EFBC}") = "TPC", "Src\Hierarchy\TPC\TPC.csproj", "{83463DDD-AAB8-4D91-81B5-B27B09EAE11E}"
EndProject
Project("{FAE04EC0-301F-11D3-BF4B-00C04F79EFBC}") = "TPH", "Src\Hierarchy\TPH\TPH.csproj", "{6C9C5803-C634-4812-9D75-A83488FC0360}"
EndProject
Project("{FAE04EC0-301F-11D3-BF4B-00C04F79EFBC}") = "TPT", "Src\Hierarchy\TPT\TPT.csproj", "{DE0E7186-A6E0-481C-A5BF-6F6F0B4CD166}"
EndProject
Project("{FAE04EC0-301F-11D3-BF4B-00C04F79EFBC}") = "Entities", "Src\Commons\Entities\Entities.csproj", "{D1352A62-3165-4DDD-B17A-5977D82C898A}"
EndProject
Project("{FAE04EC0-301F-11D3-BF4B-00C04F79EFBC}") = "TableSplit", "Src\TableSplit\TableSplit.csproj", "{21F20E28-919E-4167-8382-155757685719}"
EndProject
Project("{2150E333-8FDC-42A3-9474-1A3956D46DE8}") = "Apps", "Apps", "{4B493A43-670A-4F2D-ADF7-05A74B25F904}"
EndProject
Project("{2150E333-8FDC-42A3-9474-1A3956D46DE8}") = "EFDataAccessLayer", "EFDataAccessLayer", "{9B8253EB-FDA7-4C3B-97C8-C8F4D3387E9D}"
EndProject
Project("{FAE04EC0-301F-11D3-BF4B-00C04F79EFBC}") = "EFDataAccessLayer", "Src\Apps\SimpleDemo\EFDataAccessLayer\EFDataAccessLayer.csproj", "{5343DE41-AC4D-4338-8A12-560645044C9D}"
EndProject
Project("{FAE04EC0-301F-11D3-BF4B-00C04F79EFBC}") = "EFDataAccessLayer.Console", "Src\Apps\SimpleDemo\EFDataAccessLayer.Console\EFDataAccessLayer.Console.csproj", "{A3B6140A-D6E3-40ED-8199-ED91F3191667}"
EndProject
Project("{FAE04EC0-301F-11D3-BF4B-00C04F79EFBC}") = "EF.Nano.Web", "Src\Apps\EF.Nano.Web\EF.Nano.Web.csproj", "{F5E3A736-975A-4E3C-82C1-98E164468860}"
EndProject
Project("{2150E333-8FDC-42A3-9474-1A3956D46DE8}") = "Functions", "Functions", "{B1533006-1D41-450B-B12E-5221A12580E2}"
EndProject
Project("{2150E333-8FDC-42A3-9474-1A3956D46DE8}") = "Docs", "Docs", "{F0C5C4C0-3994-4BE4-B4AA-685FDAAFD4DA}"
	ProjectSection(SolutionItems) = preProject
		Src\Docs\EF_Linq.md = Src\Docs\EF_Linq.md
	EndProjectSection
EndProject
Project("{FAE04EC0-301F-11D3-BF4B-00C04F79EFBC}") = "DbLinqFunctions", "Src\Functions\DbLinqFunctions\DbLinqFunctions.csproj", "{FBB3D189-DBBD-4DEC-A129-9F6685E752EB}"
EndProject
Global
	GlobalSection(SolutionConfigurationPlatforms) = preSolution
		Debug|Any CPU = Debug|Any CPU
		Release|Any CPU = Release|Any CPU
	EndGlobalSection
	GlobalSection(ProjectConfigurationPlatforms) = postSolution
		{B3A34676-302E-49A7-97BB-1F6728245CD8}.Debug|Any CPU.ActiveCfg = Debug|Any CPU
		{B3A34676-302E-49A7-97BB-1F6728245CD8}.Debug|Any CPU.Build.0 = Debug|Any CPU
		{B3A34676-302E-49A7-97BB-1F6728245CD8}.Release|Any CPU.ActiveCfg = Release|Any CPU
		{B3A34676-302E-49A7-97BB-1F6728245CD8}.Release|Any CPU.Build.0 = Release|Any CPU
		{5F7106CA-7217-49D2-8236-733E13A9137D}.Debug|Any CPU.ActiveCfg = Debug|Any CPU
		{5F7106CA-7217-49D2-8236-733E13A9137D}.Debug|Any CPU.Build.0 = Debug|Any CPU
		{5F7106CA-7217-49D2-8236-733E13A9137D}.Release|Any CPU.ActiveCfg = Release|Any CPU
		{5F7106CA-7217-49D2-8236-733E13A9137D}.Release|Any CPU.Build.0 = Release|Any CPU
		{5BCD32A9-9C97-4875-89A3-D46407D07187}.Debug|Any CPU.ActiveCfg = Debug|Any CPU
		{5BCD32A9-9C97-4875-89A3-D46407D07187}.Debug|Any CPU.Build.0 = Debug|Any CPU
		{5BCD32A9-9C97-4875-89A3-D46407D07187}.Release|Any CPU.ActiveCfg = Release|Any CPU
		{5BCD32A9-9C97-4875-89A3-D46407D07187}.Release|Any CPU.Build.0 = Release|Any CPU
		{83463DDD-AAB8-4D91-81B5-B27B09EAE11E}.Debug|Any CPU.ActiveCfg = Debug|Any CPU
		{83463DDD-AAB8-4D91-81B5-B27B09EAE11E}.Debug|Any CPU.Build.0 = Debug|Any CPU
		{83463DDD-AAB8-4D91-81B5-B27B09EAE11E}.Release|Any CPU.ActiveCfg = Release|Any CPU
		{83463DDD-AAB8-4D91-81B5-B27B09EAE11E}.Release|Any CPU.Build.0 = Release|Any CPU
		{6C9C5803-C634-4812-9D75-A83488FC0360}.Debug|Any CPU.ActiveCfg = Debug|Any CPU
		{6C9C5803-C634-4812-9D75-A83488FC0360}.Debug|Any CPU.Build.0 = Debug|Any CPU
		{6C9C5803-C634-4812-9D75-A83488FC0360}.Release|Any CPU.ActiveCfg = Release|Any CPU
		{6C9C5803-C634-4812-9D75-A83488FC0360}.Release|Any CPU.Build.0 = Release|Any CPU
		{DE0E7186-A6E0-481C-A5BF-6F6F0B4CD166}.Debug|Any CPU.ActiveCfg = Debug|Any CPU
		{DE0E7186-A6E0-481C-A5BF-6F6F0B4CD166}.Debug|Any CPU.Build.0 = Debug|Any CPU
		{DE0E7186-A6E0-481C-A5BF-6F6F0B4CD166}.Release|Any CPU.ActiveCfg = Release|Any CPU
		{DE0E7186-A6E0-481C-A5BF-6F6F0B4CD166}.Release|Any CPU.Build.0 = Release|Any CPU
		{D1352A62-3165-4DDD-B17A-5977D82C898A}.Debug|Any CPU.ActiveCfg = Debug|Any CPU
		{D1352A62-3165-4DDD-B17A-5977D82C898A}.Debug|Any CPU.Build.0 = Debug|Any CPU
		{D1352A62-3165-4DDD-B17A-5977D82C898A}.Release|Any CPU.ActiveCfg = Release|Any CPU
		{D1352A62-3165-4DDD-B17A-5977D82C898A}.Release|Any CPU.Build.0 = Release|Any CPU
		{21F20E28-919E-4167-8382-155757685719}.Debug|Any CPU.ActiveCfg = Debug|Any CPU
		{21F20E28-919E-4167-8382-155757685719}.Debug|Any CPU.Build.0 = Debug|Any CPU
		{21F20E28-919E-4167-8382-155757685719}.Release|Any CPU.ActiveCfg = Release|Any CPU
		{21F20E28-919E-4167-8382-155757685719}.Release|Any CPU.Build.0 = Release|Any CPU
		{5343DE41-AC4D-4338-8A12-560645044C9D}.Debug|Any CPU.ActiveCfg = Debug|Any CPU
		{5343DE41-AC4D-4338-8A12-560645044C9D}.Debug|Any CPU.Build.0 = Debug|Any CPU
		{5343DE41-AC4D-4338-8A12-560645044C9D}.Release|Any CPU.ActiveCfg = Release|Any CPU
		{5343DE41-AC4D-4338-8A12-560645044C9D}.Release|Any CPU.Build.0 = Release|Any CPU
		{A3B6140A-D6E3-40ED-8199-ED91F3191667}.Debug|Any CPU.ActiveCfg = Debug|Any CPU
		{A3B6140A-D6E3-40ED-8199-ED91F3191667}.Debug|Any CPU.Build.0 = Debug|Any CPU
		{A3B6140A-D6E3-40ED-8199-ED91F3191667}.Release|Any CPU.ActiveCfg = Release|Any CPU
		{A3B6140A-D6E3-40ED-8199-ED91F3191667}.Release|Any CPU.Build.0 = Release|Any CPU
		{F5E3A736-975A-4E3C-82C1-98E164468860}.Debug|Any CPU.ActiveCfg = Debug|Any CPU
		{F5E3A736-975A-4E3C-82C1-98E164468860}.Debug|Any CPU.Build.0 = Debug|Any CPU
		{F5E3A736-975A-4E3C-82C1-98E164468860}.Release|Any CPU.ActiveCfg = Release|Any CPU
		{F5E3A736-975A-4E3C-82C1-98E164468860}.Release|Any CPU.Build.0 = Release|Any CPU
		{FBB3D189-DBBD-4DEC-A129-9F6685E752EB}.Debug|Any CPU.ActiveCfg = Debug|Any CPU
		{FBB3D189-DBBD-4DEC-A129-9F6685E752EB}.Debug|Any CPU.Build.0 = Debug|Any CPU
		{FBB3D189-DBBD-4DEC-A129-9F6685E752EB}.Release|Any CPU.ActiveCfg = Release|Any CPU
		{FBB3D189-DBBD-4DEC-A129-9F6685E752EB}.Release|Any CPU.Build.0 = Release|Any CPU
	EndGlobalSection
	GlobalSection(SolutionProperties) = preSolution
		HideSolutionNode = FALSE
	EndGlobalSection
	GlobalSection(NestedProjects) = preSolution
		{B3A34676-302E-49A7-97BB-1F6728245CD8} = {9A6F3745-F109-44A5-B351-C9313A741BA1}
		{5F7106CA-7217-49D2-8236-733E13A9137D} = {511284B3-2530-4A14-ABE6-E8A9C07875D3}
		{5BCD32A9-9C97-4875-89A3-D46407D07187} = {0CBA0C59-3045-4D81-8F56-0FCD88F41C9C}
		{83463DDD-AAB8-4D91-81B5-B27B09EAE11E} = {0CDA5624-5079-432F-9F51-425E92FF9C5E}
		{6C9C5803-C634-4812-9D75-A83488FC0360} = {0CDA5624-5079-432F-9F51-425E92FF9C5E}
		{DE0E7186-A6E0-481C-A5BF-6F6F0B4CD166} = {0CDA5624-5079-432F-9F51-425E92FF9C5E}
		{D1352A62-3165-4DDD-B17A-5977D82C898A} = {511284B3-2530-4A14-ABE6-E8A9C07875D3}
		{21F20E28-919E-4167-8382-155757685719} = {98FF4C5E-8BFF-4BD6-A613-E4814F0999F8}
		{9B8253EB-FDA7-4C3B-97C8-C8F4D3387E9D} = {4B493A43-670A-4F2D-ADF7-05A74B25F904}
		{5343DE41-AC4D-4338-8A12-560645044C9D} = {9B8253EB-FDA7-4C3B-97C8-C8F4D3387E9D}
		{A3B6140A-D6E3-40ED-8199-ED91F3191667} = {9B8253EB-FDA7-4C3B-97C8-C8F4D3387E9D}
		{F5E3A736-975A-4E3C-82C1-98E164468860} = {4B493A43-670A-4F2D-ADF7-05A74B25F904}
		{FBB3D189-DBBD-4DEC-A129-9F6685E752EB} = {B1533006-1D41-450B-B12E-5221A12580E2}
	EndGlobalSection
EndGlobal
